<?xml version="1.0" encoding="utf-8"?>
<Project ToolsVersion="4.0" xmlns="http://schemas.microsoft.com/developer/msbuild/2003">
  <ItemGroup>
    <Filter Include="Resources">
      <UniqueIdentifier>{67DA6AB6-F800-4c08-8B7A-83BB121AAD01}</UniqueIdentifier>
      <Extensions>rc;ico;cur;bmp;dlg;rc2;rct;bin;rgs;gif;jpg;jpeg;jpe;resx;tiff;tif;png;wav;mfcribbon-ms</Extensions>
    </Filter>
    <Filter Include="Source">
      <UniqueIdentifier>{b590c47d-68d9-47ac-8553-400d11c0f135}</UniqueIdentifier>
    </Filter>
    <Filter Include="Source\Private">
      <UniqueIdentifier>{4FC737F1-C7A5-4376-A066-2A32D752A2FF}</UniqueIdentifier>
      <Extensions>cpp;c;cc;cxx;c++;cppm;ixx;def;odl;idl;hpj;bat;asm;asmx</Extensions>
    </Filter>
    <Filter Include="Source\Public">
      <UniqueIdentifier>{93995380-89BD-4b04-88EB-625FBE52EBFB}</UniqueIdentifier>
      <Extensions>h;hh;hpp;hxx;h++;hm;inl;inc;ipp;xsd</Extensions>
    </Filter>
    <Filter Include="Source\pch">
      <UniqueIdentifier>{e3d363bb-72a5-4709-9634-0901dbb81346}</UniqueIdentifier>
    </Filter>
    <Filter Include="Source\Private\Platform">
      <UniqueIdentifier>{74978549-550a-4bd2-a23d-160880afa211}</UniqueIdentifier>
    </Filter>
    <Filter Include="Source\Private\Platform\Windows">
      <UniqueIdentifier>{fdfd0c55-eb21-43e1-9742-8c23182b74c7}</UniqueIdentifier>
    </Filter>
    <Filter Include="Source\Public\Platform">
      <UniqueIdentifier>{07c8232d-5624-40e9-a93b-1c2bcbbe928c}</UniqueIdentifier>
    </Filter>
    <Filter Include="Source\Public\Platform\Windows">
      <UniqueIdentifier>{3982d024-31d6-4fc5-bc72-5914bb3e503a}</UniqueIdentifier>
    </Filter>
    <Filter Include="Source\Private\Common">
      <UniqueIdentifier>{6102918c-3d3d-4c9b-a792-6a5fc9a35af5}</UniqueIdentifier>
    </Filter>
    <Filter Include="Source\Public\Common">
      <UniqueIdentifier>{f1c8f697-1ad9-4394-a845-adb8f3fe0668}</UniqueIdentifier>
    </Filter>
    <Filter Include="Source\Private\Core">
      <UniqueIdentifier>{bd5dcfab-86a5-418b-a319-b8b5fd224b3b}</UniqueIdentifier>
    </Filter>
    <Filter Include="Source\Public\Core">
      <UniqueIdentifier>{fb6e26df-caf6-4b3c-9402-c2a4b0dd810a}</UniqueIdentifier>
    </Filter>
  </ItemGroup>
  <ItemGroup>
    <ClCompile Include="Source\Engine.cpp">
      <Filter>Source\pch</Filter>
    </ClCompile>
    <ClCompile Include="Source\Platform\Windows\IApplication.cpp">
      <Filter>Source\Private\Platform\Windows</Filter>
    </ClCompile>
    <ClCompile Include="Source\Common\Logger.cpp">
      <Filter>Source\Private\Common</Filter>
    </ClCompile>
    <ClCompile Include="Source\Core\PerGameSettings.cpp">
      <Filter>Source\Private\Core</Filter>
    </ClCompile>
    <ClCompile Include="Source\Common\Time.cpp">
      <Filter>Source\Private\Common</Filter>
    </ClCompile>
  </ItemGroup>
  <ItemGroup>
    <ClInclude Include="Source\Engine.h">
      <Filter>Source\pch</Filter>
    </ClInclude>
    <ClInclude Include="Source\Platform\Windows\IApplication.h">
      <Filter>Source\Public\Platform\Windows</Filter>
    </ClInclude>
    <ClInclude Include="Source\Platform\Windows\WinEntry.h">
      <Filter>Source\Public\Platform\Windows</Filter>
    </ClInclude>
    <ClInclude Include="Source\Common\Logger.h">
      <Filter>Source\Public\Common</Filter>
    </ClInclude>
    <ClInclude Include="Source\Core\PerGameSettings.h">
      <Filter>Source\Public\Core</Filter>
    </ClInclude>
    <ClInclude Include="Source\Common\Time.h">
      <Filter>Source\Public\Common</Filter>
    </ClInclude>
  </ItemGroup>
</Project>